
Microsoft Visual Studio Solution File, Format Version 12.00
# Visual Studio Version 17
VisualStudioVersion = 17.6.33829.357
MinimumVisualStudioVersion = 10.0.40219.1
Project("{FAE04EC0-301F-11D3-BF4B-00C04F79EFBC}") = "SerilogDemo", "SerilogDemo\SerilogDemo.csproj", "{602E99AA-9EAC-47D7-BF3E-24B2E4AAA1B5}"
EndProject
Global
	GlobalSection(SolutionConfigurationPlatforms) = preSolution
		Debug|Any CPU = Debug|Any CPU
		Release|Any CPU = Release|Any CPU
	EndGlobalSection
	GlobalSection(ProjectConfigurationPlatforms) = postSolution
		{602E99AA-9EAC-47D7-BF3E-24B2E4AAA1B5}.Debug|Any CPU.ActiveCfg = Debug|Any CPU
		{602E99AA-9EAC-47D7-BF3E-24B2E4AAA1B5}.Debug|Any CPU.Build.0 = Debug|Any CPU
		{602E99AA-9EAC-47D7-BF3E-24B2E4AAA1B5}.Release|Any CPU.ActiveCfg = Release|Any CPU
		{602E99AA-9EAC-47D7-BF3E-24B2E4AAA1B5}.Release|Any CPU.Build.0 = Release|Any CPU
	EndGlobalSection
	GlobalSection(SolutionProperties) = preSolution
		HideSolutionNode = FALSE
	EndGlobalSection
	GlobalSection(ExtensibilityGlobals) = postSolution
		SolutionGuid = {DC467D94-C087-4C8B-8BA8-36047044B6BF}
	EndGlobalSection
EndGlobal
